
Microsoft Visual Studio Solution File, Format Version 12.00
# Visual Studio Version 16
VisualStudioVersion = 16.0.30524.135
MinimumVisualStudioVersion = 10.0.40219.1
Project("{9A19103F-16F7-4668-BE54-9A1E7A4F7556}") = "GeneratedMapper", "GeneratedMapper\GeneratedMapper.csproj", "{605F3FA9-CAED-4C44-A073-D152CFAF70C7}"
EndProject
Project("{9A19103F-16F7-4668-BE54-9A1E7A4F7556}") = "Example", "Example\Example.csproj", "{DB250D82-B2D0-4C42-8473-1E9C17CCE8BE}"
EndProject
Project("{9A19103F-16F7-4668-BE54-9A1E7A4F7556}") = "GeneratedMapper.Tests", "GeneratedMapper.Tests\GeneratedMapper.Tests.csproj", "{D884F1AA-8E2E-4ACF-9F0E-CDF69ADBD374}"
EndProject
Project("{2150E333-8FDC-42A3-9474-1A3956D46DE8}") = "Solution Items", "Solution Items", "{7F355CCA-D20A-4C1A-AE50-9DD134018A39}"
	ProjectSection(SolutionItems) = preProject
		..\.github\workflows\dotnetcore.pr.yml = ..\.github\workflows\dotnetcore.pr.yml
		..\.github\workflows\dotnetcore.yml = ..\.github\workflows\dotnetcore.yml
		..\README.md = ..\README.md
	EndProjectSection
EndProject
Global
	GlobalSection(SolutionConfigurationPlatforms) = preSolution
		Debug|Any CPU = Debug|Any CPU
		Release|Any CPU = Release|Any CPU
	EndGlobalSection
	GlobalSection(ProjectConfigurationPlatforms) = postSolution
		{605F3FA9-CAED-4C44-A073-D152CFAF70C7}.Debug|Any CPU.ActiveCfg = Debug|Any CPU
		{605F3FA9-CAED-4C44-A073-D152CFAF70C7}.Debug|Any CPU.Build.0 = Debug|Any CPU
		{605F3FA9-CAED-4C44-A073-D152CFAF70C7}.Release|Any CPU.ActiveCfg = Release|Any CPU
		{605F3FA9-CAED-4C44-A073-D152CFAF70C7}.Release|Any CPU.Build.0 = Release|Any CPU
		{DB250D82-B2D0-4C42-8473-1E9C17CCE8BE}.Debug|Any CPU.ActiveCfg = Debug|Any CPU
		{DB250D82-B2D0-4C42-8473-1E9C17CCE8BE}.Debug|Any CPU.Build.0 = Debug|Any CPU
		{DB250D82-B2D0-4C42-8473-1E9C17CCE8BE}.Release|Any CPU.ActiveCfg = Release|Any CPU
		{DB250D82-B2D0-4C42-8473-1E9C17CCE8BE}.Release|Any CPU.Build.0 = Release|Any CPU
		{D884F1AA-8E2E-4ACF-9F0E-CDF69ADBD374}.Debug|Any CPU.ActiveCfg = Debug|Any CPU
		{D884F1AA-8E2E-4ACF-9F0E-CDF69ADBD374}.Debug|Any CPU.Build.0 = Debug|Any CPU
		{D884F1AA-8E2E-4ACF-9F0E-CDF69ADBD374}.Release|Any CPU.ActiveCfg = Release|Any CPU
		{D884F1AA-8E2E-4ACF-9F0E-CDF69ADBD374}.Release|Any CPU.Build.0 = Release|Any CPU
	EndGlobalSection
	GlobalSection(SolutionProperties) = preSolution
		HideSolutionNode = FALSE
	EndGlobalSection
	GlobalSection(ExtensibilityGlobals) = postSolution
		SolutionGuid = {5845BC2C-A049-4C67-9BA9-461AAE2A5825}
	EndGlobalSection
EndGlobal
